
Microsoft Visual Studio Solution File, Format Version 12.00
# Visual Studio Version 16
VisualStudioVersion = 16.0.29123.89
MinimumVisualStudioVersion = 10.0.40219.1
Project("{FAE04EC0-301F-11D3-BF4B-00C04F79EFBC}") = "Countries.Common", "Countries.Common\Countries.Common.csproj", "{C909DAAE-225C-4429-884B-0C7510979C09}"
EndProject
Project("{FAE04EC0-301F-11D3-BF4B-00C04F79EFBC}") = "Countries.Web", "Countries.Web\Countries.Web.csproj", "{C9324C8F-0559-4876-87B1-F26736193196}"
EndProject
Global
	GlobalSection(SolutionConfigurationPlatforms) = preSolution
		Debug|Any CPU = Debug|Any CPU
		Release|Any CPU = Release|Any CPU
	EndGlobalSection
	GlobalSection(ProjectConfigurationPlatforms) = postSolution
		{C909DAAE-225C-4429-884B-0C7510979C09}.Debug|Any CPU.ActiveCfg = Debug|Any CPU
		{C909DAAE-225C-4429-884B-0C7510979C09}.Debug|Any CPU.Build.0 = Debug|Any CPU
		{C909DAAE-225C-4429-884B-0C7510979C09}.Release|Any CPU.ActiveCfg = Release|Any CPU
		{C909DAAE-225C-4429-884B-0C7510979C09}.Release|Any CPU.Build.0 = Release|Any CPU
		{C9324C8F-0559-4876-87B1-F26736193196}.Debug|Any CPU.ActiveCfg = Debug|Any CPU
		{C9324C8F-0559-4876-87B1-F26736193196}.Debug|Any CPU.Build.0 = Debug|Any CPU
		{C9324C8F-0559-4876-87B1-F26736193196}.Release|Any CPU.ActiveCfg = Release|Any CPU
		{C9324C8F-0559-4876-87B1-F26736193196}.Release|Any CPU.Build.0 = Release|Any CPU
	EndGlobalSection
	GlobalSection(SolutionProperties) = preSolution
		HideSolutionNode = FALSE
	EndGlobalSection
	GlobalSection(ExtensibilityGlobals) = postSolution
		SolutionGuid = {29E675A8-7AB4-490E-B028-5E140E13E34E}
	EndGlobalSection
EndGlobal
